// !$*UTF8*$!
{
	archiveVersion = 1;
	classes = {
	};
	objectVersion = 56;
	objects = {

/* Begin PBXBuildFile section */
		1112DEA72AFD65F80008166D /* MetalStudyApp.swift in Sources */ = {isa = PBXBuildFile; fileRef = 1112DEA62AFD65F80008166D /* MetalStudyApp.swift */; };
		1112DEA92AFD65F80008166D /* ContentView.swift in Sources */ = {isa = PBXBuildFile; fileRef = 1112DEA82AFD65F80008166D /* ContentView.swift */; };
		1112DEAB2AFD65F90008166D /* Assets.xcassets in Resources */ = {isa = PBXBuildFile; fileRef = 1112DEAA2AFD65F90008166D /* Assets.xcassets */; };
		1112DEAE2AFD65F90008166D /* Preview Assets.xcassets in Resources */ = {isa = PBXBuildFile; fileRef = 1112DEAD2AFD65F90008166D /* Preview Assets.xcassets */; };
		1112DEB52AFE65730008166D /* Shader.metal in Sources */ = {isa = PBXBuildFile; fileRef = 1112DEB42AFE65730008166D /* Shader.metal */; };
		1112DEB82AFE82640008166D /* Node.swift in Sources */ = {isa = PBXBuildFile; fileRef = 1112DEB72AFE82640008166D /* Node.swift */; };
		1112DEBA2AFE970A0008166D /* Plane.swift in Sources */ = {isa = PBXBuildFile; fileRef = 1112DEB92AFE970A0008166D /* Plane.swift */; };
		1112DEBD2AFE97800008166D /* Vertex.swift in Sources */ = {isa = PBXBuildFile; fileRef = 1112DEBC2AFE97800008166D /* Vertex.swift */; };
		1112DEBF2AFE9B020008166D /* Renderable.swift in Sources */ = {isa = PBXBuildFile; fileRef = 1112DEBE2AFE9B020008166D /* Renderable.swift */; };
		1112DEC12AFE9E140008166D /* Constants.swift in Sources */ = {isa = PBXBuildFile; fileRef = 1112DEC02AFE9E140008166D /* Constants.swift */; };
		1112DEC42AFE9F980008166D /* AppScene.swift in Sources */ = {isa = PBXBuildFile; fileRef = 1112DEC32AFE9F980008166D /* AppScene.swift */; };
		1112DEC62AFE9FDA0008166D /* GameScene.swift in Sources */ = {isa = PBXBuildFile; fileRef = 1112DEC52AFE9FDA0008166D /* GameScene.swift */; };
		118D12812AFF958A00EF57F2 /* Texturable.swift in Sources */ = {isa = PBXBuildFile; fileRef = 118D12802AFF958900EF57F2 /* Texturable.swift */; };
		118D12862AFF9DA700EF57F2 /* unnamed.png in Resources */ = {isa = PBXBuildFile; fileRef = 118D12852AFF9DA700EF57F2 /* unnamed.png */; };
/* End PBXBuildFile section */

/* Begin PBXFileReference section */
		1112DEA32AFD65F80008166D /* MetalStudy.app */ = {isa = PBXFileReference; explicitFileType = wrapper.application; includeInIndex = 0; path = MetalStudy.app; sourceTree = BUILT_PRODUCTS_DIR; };
		1112DEA62AFD65F80008166D /* MetalStudyApp.swift */ = {isa = PBXFileReference; lastKnownFileType = sourcecode.swift; path = MetalStudyApp.swift; sourceTree = "<group>"; };
		1112DEA82AFD65F80008166D /* ContentView.swift */ = {isa = PBXFileReference; lastKnownFileType = sourcecode.swift; path = ContentView.swift; sourceTree = "<group>"; };
		1112DEAA2AFD65F90008166D /* Assets.xcassets */ = {isa = PBXFileReference; lastKnownFileType = folder.assetcatalog; path = Assets.xcassets; sourceTree = "<group>"; };
		1112DEAD2AFD65F90008166D /* Preview Assets.xcassets */ = {isa = PBXFileReference; lastKnownFileType = folder.assetcatalog; path = "Preview Assets.xcassets"; sourceTree = "<group>"; };
		1112DEB42AFE65730008166D /* Shader.metal */ = {isa = PBXFileReference; lastKnownFileType = sourcecode.metal; path = Shader.metal; sourceTree = "<group>"; };
		1112DEB72AFE82640008166D /* Node.swift */ = {isa = PBXFileReference; lastKnownFileType = sourcecode.swift; path = Node.swift; sourceTree = "<group>"; };
		1112DEB92AFE970A0008166D /* Plane.swift */ = {isa = PBXFileReference; lastKnownFileType = sourcecode.swift; path = Plane.swift; sourceTree = "<group>"; };
		1112DEBC2AFE97800008166D /* Vertex.swift */ = {isa = PBXFileReference; lastKnownFileType = sourcecode.swift; path = Vertex.swift; sourceTree = "<group>"; };
		1112DEBE2AFE9B020008166D /* Renderable.swift */ = {isa = PBXFileReference; lastKnownFileType = sourcecode.swift; path = Renderable.swift; sourceTree = "<group>"; };
		1112DEC02AFE9E140008166D /* Constants.swift */ = {isa = PBXFileReference; lastKnownFileType = sourcecode.swift; path = Constants.swift; sourceTree = "<group>"; };
		1112DEC32AFE9F980008166D /* AppScene.swift */ = {isa = PBXFileReference; lastKnownFileType = sourcecode.swift; path = AppScene.swift; sourceTree = "<group>"; };
		1112DEC52AFE9FDA0008166D /* GameScene.swift */ = {isa = PBXFileReference; lastKnownFileType = sourcecode.swift; path = GameScene.swift; sourceTree = "<group>"; };
		118D12802AFF958900EF57F2 /* Texturable.swift */ = {isa = PBXFileReference; lastKnownFileType = sourcecode.swift; path = Texturable.swift; sourceTree = "<group>"; };
		118D12852AFF9DA700EF57F2 /* unnamed.png */ = {isa = PBXFileReference; lastKnownFileType = image.png; path = unnamed.png; sourceTree = "<group>"; };
/* End PBXFileReference section */

/* Begin PBXFrameworksBuildPhase section */
		1112DEA02AFD65F80008166D /* Frameworks */ = {
			isa = PBXFrameworksBuildPhase;
			buildActionMask = 2147483647;
			files = (
			);
			runOnlyForDeploymentPostprocessing = 0;
		};
/* End PBXFrameworksBuildPhase section */

/* Begin PBXGroup section */
		1112DE9A2AFD65F80008166D = {
			isa = PBXGroup;
			children = (
				1112DEA52AFD65F80008166D /* MetalStudy */,
				1112DEA42AFD65F80008166D /* Products */,
			);
			sourceTree = "<group>";
		};
		1112DEA42AFD65F80008166D /* Products */ = {
			isa = PBXGroup;
			children = (
				1112DEA32AFD65F80008166D /* MetalStudy.app */,
			);
			name = Products;
			sourceTree = "<group>";
		};
		1112DEA52AFD65F80008166D /* MetalStudy */ = {
			isa = PBXGroup;
			children = (
				118D12822AFF9D7500EF57F2 /* Textures */,
				1112DEC22AFE9F8C0008166D /* Scenes */,
				1112DEBB2AFE97760008166D /* Models */,
				1112DEB62AFE7C7A0008166D /* Nodes */,
				1112DEA62AFD65F80008166D /* MetalStudyApp.swift */,
				1112DEA82AFD65F80008166D /* ContentView.swift */,
				1112DEB42AFE65730008166D /* Shader.metal */,
				1112DEAA2AFD65F90008166D /* Assets.xcassets */,
				1112DEAC2AFD65F90008166D /* Preview Content */,
			);
			path = MetalStudy;
			sourceTree = "<group>";
		};
		1112DEAC2AFD65F90008166D /* Preview Content */ = {
			isa = PBXGroup;
			children = (
				1112DEAD2AFD65F90008166D /* Preview Assets.xcassets */,
			);
			path = "Preview Content";
			sourceTree = "<group>";
		};
		1112DEB62AFE7C7A0008166D /* Nodes */ = {
			isa = PBXGroup;
			children = (
				1112DEB72AFE82640008166D /* Node.swift */,
				1112DEB92AFE970A0008166D /* Plane.swift */,
				1112DEBE2AFE9B020008166D /* Renderable.swift */,
				118D12802AFF958900EF57F2 /* Texturable.swift */,
			);
			path = Nodes;
			sourceTree = "<group>";
		};
		1112DEBB2AFE97760008166D /* Models */ = {
			isa = PBXGroup;
			children = (
				1112DEBC2AFE97800008166D /* Vertex.swift */,
				1112DEC02AFE9E140008166D /* Constants.swift */,
			);
			path = Models;
			sourceTree = "<group>";
		};
		1112DEC22AFE9F8C0008166D /* Scenes */ = {
			isa = PBXGroup;
			children = (
				1112DEC32AFE9F980008166D /* AppScene.swift */,
				1112DEC52AFE9FDA0008166D /* GameScene.swift */,
			);
			path = Scenes;
			sourceTree = "<group>";
		};
		118D12822AFF9D7500EF57F2 /* Textures */ = {
			isa = PBXGroup;
			children = (
				118D12852AFF9DA700EF57F2 /* unnamed.png */,
			);
			path = Textures;
			sourceTree = "<group>";
		};
/* End PBXGroup section */

/* Begin PBXNativeTarget section */
		1112DEA22AFD65F80008166D /* MetalStudy */ = {
			isa = PBXNativeTarget;
			buildConfigurationList = 1112DEB12AFD65F90008166D /* Build configuration list for PBXNativeTarget "MetalStudy" */;
			buildPhases = (
				1112DE9F2AFD65F80008166D /* Sources */,
				1112DEA02AFD65F80008166D /* Frameworks */,
				1112DEA12AFD65F80008166D /* Resources */,
			);
			buildRules = (
			);
			dependencies = (
			);
			name = MetalStudy;
			productName = MetalStudy;
			productReference = 1112DEA32AFD65F80008166D /* MetalStudy.app */;
			productType = "com.apple.product-type.application";
		};
/* End PBXNativeTarget section */

/* Begin PBXProject section */
		1112DE9B2AFD65F80008166D /* Project object */ = {
			isa = PBXProject;
			attributes = {
				BuildIndependentTargetsInParallel = 1;
				LastSwiftUpdateCheck = 1500;
				LastUpgradeCheck = 1500;
				TargetAttributes = {
					1112DEA22AFD65F80008166D = {
						CreatedOnToolsVersion = 15.0.1;
					};
				};
			};
			buildConfigurationList = 1112DE9E2AFD65F80008166D /* Build configuration list for PBXProject "MetalStudy" */;
			compatibilityVersion = "Xcode 14.0";
			developmentRegion = en;
			hasScannedForEncodings = 0;
			knownRegions = (
				en,
				Base,
			);
			mainGroup = 1112DE9A2AFD65F80008166D;
			productRefGroup = 1112DEA42AFD65F80008166D /* Products */;
			projectDirPath = "";
			projectRoot = "";
			targets = (
				1112DEA22AFD65F80008166D /* MetalStudy */,
			);
		};
/* End PBXProject section */

/* Begin PBXResourcesBuildPhase section */
		1112DEA12AFD65F80008166D /* Resources */ = {
			isa = PBXResourcesBuildPhase;
			buildActionMask = 2147483647;
			files = (
				1112DEAE2AFD65F90008166D /* Preview Assets.xcassets in Resources */,
				1112DEAB2AFD65F90008166D /* Assets.xcassets in Resources */,
				118D12862AFF9DA700EF57F2 /* unnamed.png in Resources */,
			);
			runOnlyForDeploymentPostprocessing = 0;
		};
/* End PBXResourcesBuildPhase section */

/* Begin PBXSourcesBuildPhase section */
		1112DE9F2AFD65F80008166D /* Sources */ = {
			isa = PBXSourcesBuildPhase;
			buildActionMask = 2147483647;
			files = (
				1112DEC62AFE9FDA0008166D /* GameScene.swift in Sources */,
				1112DEB52AFE65730008166D /* Shader.metal in Sources */,
				1112DEA92AFD65F80008166D /* ContentView.swift in Sources */,
				1112DEBF2AFE9B020008166D /* Renderable.swift in Sources */,
				1112DEBA2AFE970A0008166D /* Plane.swift in Sources */,
				1112DEA72AFD65F80008166D /* MetalStudyApp.swift in Sources */,
				1112DEC12AFE9E140008166D /* Constants.swift in Sources */,
				1112DEB82AFE82640008166D /* Node.swift in Sources */,
				1112DEC42AFE9F980008166D /* AppScene.swift in Sources */,
				118D12812AFF958A00EF57F2 /* Texturable.swift in Sources */,
				1112DEBD2AFE97800008166D /* Vertex.swift in Sources */,
			);
			runOnlyForDeploymentPostprocessing = 0;
		};
/* End PBXSourcesBuildPhase section */

/* Begin XCBuildConfiguration section */
		1112DEAF2AFD65F90008166D /* Debug */ = {
			isa = XCBuildConfiguration;
			buildSettings = {
				ALWAYS_SEARCH_USER_PATHS = NO;
				ASSETCATALOG_COMPILER_GENERATE_SWIFT_ASSET_SYMBOL_EXTENSIONS = YES;
				CLANG_ANALYZER_NONNULL = YES;
				CLANG_ANALYZER_NUMBER_OBJECT_CONVERSION = YES_AGGRESSIVE;
				CLANG_CXX_LANGUAGE_STANDARD = "gnu++20";
				CLANG_ENABLE_MODULES = YES;
				CLANG_ENABLE_OBJC_ARC = YES;
				CLANG_ENABLE_OBJC_WEAK = YES;
				CLANG_WARN_BLOCK_CAPTURE_AUTORELEASING = YES;
				CLANG_WARN_BOOL_CONVERSION = YES;
				CLANG_WARN_COMMA = YES;
				CLANG_WARN_CONSTANT_CONVERSION = YES;
				CLANG_WARN_DEPRECATED_OBJC_IMPLEMENTATIONS = YES;
				CLANG_WARN_DIRECT_OBJC_ISA_USAGE = YES_ERROR;
				CLANG_WARN_DOCUMENTATION_COMMENTS = YES;
				CLANG_WARN_EMPTY_BODY = YES;
				CLANG_WARN_ENUM_CONVERSION = YES;
				CLANG_WARN_INFINITE_RECURSION = YES;
				CLANG_WARN_INT_CONVERSION = YES;
				CLANG_WARN_NON_LITERAL_NULL_CONVERSION = YES;
				CLANG_WARN_OBJC_IMPLICIT_RETAIN_SELF = YES;
				CLANG_WARN_OBJC_LITERAL_CONVERSION = YES;
				CLANG_WARN_OBJC_ROOT_CLASS = YES_ERROR;
				CLANG_WARN_QUOTED_INCLUDE_IN_FRAMEWORK_HEADER = YES;
				CLANG_WARN_RANGE_LOOP_ANALYSIS = YES;
				CLANG_WARN_STRICT_PROTOTYPES = YES;
				CLANG_WARN_SUSPICIOUS_MOVE = YES;
				CLANG_WARN_UNGUARDED_AVAILABILITY = YES_AGGRESSIVE;
				CLANG_WARN_UNREACHABLE_CODE = YES;
				CLANG_WARN__DUPLICATE_METHOD_MATCH = YES;
				COPY_PHASE_STRIP = NO;
				DEBUG_INFORMATION_FORMAT = dwarf;
				ENABLE_STRICT_OBJC_MSGSEND = YES;
				ENABLE_TESTABILITY = YES;
				ENABLE_USER_SCRIPT_SANDBOXING = YES;
				GCC_C_LANGUAGE_STANDARD = gnu17;
				GCC_DYNAMIC_NO_PIC = NO;
				GCC_NO_COMMON_BLOCKS = YES;
				GCC_OPTIMIZATION_LEVEL = 0;
				GCC_PREPROCESSOR_DEFINITIONS = (
					"DEBUG=1",
					"$(inherited)",
				);
				GCC_WARN_64_TO_32_BIT_CONVERSION = YES;
				GCC_WARN_ABOUT_RETURN_TYPE = YES_ERROR;
				GCC_WARN_UNDECLARED_SELECTOR = YES;
				GCC_WARN_UNINITIALIZED_AUTOS = YES_AGGRESSIVE;
				GCC_WARN_UNUSED_FUNCTION = YES;
				GCC_WARN_UNUSED_VARIABLE = YES;
				IPHONEOS_DEPLOYMENT_TARGET = 17.0;
				LOCALIZATION_PREFERS_STRING_CATALOGS = YES;
				MTL_ENABLE_DEBUG_INFO = INCLUDE_SOURCE;
				MTL_FAST_MATH = YES;
				ONLY_ACTIVE_ARCH = YES;
				SDKROOT = iphoneos;
				SWIFT_ACTIVE_COMPILATION_CONDITIONS = "DEBUG $(inherited)";
				SWIFT_OPTIMIZATION_LEVEL = "-Onone";
			};
			name = Debug;
		};
		1112DEB02AFD65F90008166D /* Release */ = {
			isa = XCBuildConfiguration;
			buildSettings = {
				ALWAYS_SEARCH_USER_PATHS = NO;
				ASSETCATALOG_COMPILER_GENERATE_SWIFT_ASSET_SYMBOL_EXTENSIONS = YES;
				CLANG_ANALYZER_NONNULL = YES;
				CLANG_ANALYZER_NUMBER_OBJECT_CONVERSION = YES_AGGRESSIVE;
				CLANG_CXX_LANGUAGE_STANDARD = "gnu++20";
				CLANG_ENABLE_MODULES = YES;
				CLANG_ENABLE_OBJC_ARC = YES;
				CLANG_ENABLE_OBJC_WEAK = YES;
				CLANG_WARN_BLOCK_CAPTURE_AUTORELEASING = YES;
				CLANG_WARN_BOOL_CONVERSION = YES;
				CLANG_WARN_COMMA = YES;
				CLANG_WARN_CONSTANT_CONVERSION = YES;
				CLANG_WARN_DEPRECATED_OBJC_IMPLEMENTATIONS = YES;
				CLANG_WARN_DIRECT_OBJC_ISA_USAGE = YES_ERROR;
				CLANG_WARN_DOCUMENTATION_COMMENTS = YES;
				CLANG_WARN_EMPTY_BODY = YES;
				CLANG_WARN_ENUM_CONVERSION = YES;
				CLANG_WARN_INFINITE_RECURSION = YES;
				CLANG_WARN_INT_CONVERSION = YES;
				CLANG_WARN_NON_LITERAL_NULL_CONVERSION = YES;
				CLANG_WARN_OBJC_IMPLICIT_RETAIN_SELF = YES;
				CLANG_WARN_OBJC_LITERAL_CONVERSION = YES;
				CLANG_WARN_OBJC_ROOT_CLASS = YES_ERROR;
				CLANG_WARN_QUOTED_INCLUDE_IN_FRAMEWORK_HEADER = YES;
				CLANG_WARN_RANGE_LOOP_ANALYSIS = YES;
				CLANG_WARN_STRICT_PROTOTYPES = YES;
				CLANG_WARN_SUSPICIOUS_MOVE = YES;
				CLANG_WARN_UNGUARDED_AVAILABILITY = YES_AGGRESSIVE;
				CLANG_WARN_UNREACHABLE_CODE = YES;
				CLANG_WARN__DUPLICATE_METHOD_MATCH = YES;
				COPY_PHASE_STRIP = NO;
				DEBUG_INFORMATION_FORMAT = "dwarf-with-dsym";
				ENABLE_NS_ASSERTIONS = NO;
				ENABLE_STRICT_OBJC_MSGSEND = YES;
				ENABLE_USER_SCRIPT_SANDBOXING = YES;
				GCC_C_LANGUAGE_STANDARD = gnu17;
				GCC_NO_COMMON_BLOCKS = YES;
				GCC_WARN_64_TO_32_BIT_CONVERSION = YES;
				GCC_WARN_ABOUT_RETURN_TYPE = YES_ERROR;
				GCC_WARN_UNDECLARED_SELECTOR = YES;
				GCC_WARN_UNINITIALIZED_AUTOS = YES_AGGRESSIVE;
				GCC_WARN_UNUSED_FUNCTION = YES;
				GCC_WARN_UNUSED_VARIABLE = YES;
				IPHONEOS_DEPLOYMENT_TARGET = 17.0;
				LOCALIZATION_PREFERS_STRING_CATALOGS = YES;
				MTL_ENABLE_DEBUG_INFO = NO;
				MTL_FAST_MATH = YES;
				SDKROOT = iphoneos;
				SWIFT_COMPILATION_MODE = wholemodule;
				VALIDATE_PRODUCT = YES;
			};
			name = Release;
		};
		1112DEB22AFD65F90008166D /* Debug */ = {
			isa = XCBuildConfiguration;
			buildSettings = {
				ASSETCATALOG_COMPILER_APPICON_NAME = AppIcon;
				ASSETCATALOG_COMPILER_GLOBAL_ACCENT_COLOR_NAME = AccentColor;
				CODE_SIGN_STYLE = Automatic;
				CURRENT_PROJECT_VERSION = 1;
				DEVELOPMENT_ASSET_PATHS = "\"MetalStudy/Preview Content\"";
				DEVELOPMENT_TEAM = NR7B93MP6R;
				ENABLE_PREVIEWS = YES;
				GENERATE_INFOPLIST_FILE = YES;
				INFOPLIST_KEY_UIApplicationSceneManifest_Generation = YES;
				INFOPLIST_KEY_UIApplicationSupportsIndirectInputEvents = YES;
				INFOPLIST_KEY_UILaunchScreen_Generation = YES;
				INFOPLIST_KEY_UISupportedInterfaceOrientations_iPad = "UIInterfaceOrientationPortrait UIInterfaceOrientationPortraitUpsideDown UIInterfaceOrientationLandscapeLeft UIInterfaceOrientationLandscapeRight";
				INFOPLIST_KEY_UISupportedInterfaceOrientations_iPhone = "UIInterfaceOrientationPortrait UIInterfaceOrientationLandscapeLeft UIInterfaceOrientationLandscapeRight";
				LD_RUNPATH_SEARCH_PATHS = (
					"$(inherited)",
					"@executable_path/Frameworks",
				);
				MARKETING_VERSION = 1.0;
				PRODUCT_BUNDLE_IDENTIFIER = com.edges.MetalStudy;
				PRODUCT_NAME = "$(TARGET_NAME)";
				SWIFT_EMIT_LOC_STRINGS = YES;
				SWIFT_VERSION = 5.0;
				TARGETED_DEVICE_FAMILY = "1,2";
			};
			name = Debug;
		};
		1112DEB32AFD65F90008166D /* Release */ = {
			isa = XCBuildConfiguration;
			buildSettings = {
				ASSETCATALOG_COMPILER_APPICON_NAME = AppIcon;
				ASSETCATALOG_COMPILER_GLOBAL_ACCENT_COLOR_NAME = AccentColor;
				CODE_SIGN_STYLE = Automatic;
				CURRENT_PROJECT_VERSION = 1;
				DEVELOPMENT_ASSET_PATHS = "\"MetalStudy/Preview Content\"";
				DEVELOPMENT_TEAM = NR7B93MP6R;
				ENABLE_PREVIEWS = YES;
				GENERATE_INFOPLIST_FILE = YES;
				INFOPLIST_KEY_UIApplicationSceneManifest_Generation = YES;
				INFOPLIST_KEY_UIApplicationSupportsIndirectInputEvents = YES;
				INFOPLIST_KEY_UILaunchScreen_Generation = YES;
				INFOPLIST_KEY_UISupportedInterfaceOrientations_iPad = "UIInterfaceOrientationPortrait UIInterfaceOrientationPortraitUpsideDown UIInterfaceOrientationLandscapeLeft UIInterfaceOrientationLandscapeRight";
				INFOPLIST_KEY_UISupportedInterfaceOrientations_iPhone = "UIInterfaceOrientationPortrait UIInterfaceOrientationLandscapeLeft UIInterfaceOrientationLandscapeRight";
				LD_RUNPATH_SEARCH_PATHS = (
					"$(inherited)",
					"@executable_path/Frameworks",
				);
				MARKETING_VERSION = 1.0;
				PRODUCT_BUNDLE_IDENTIFIER = com.edges.MetalStudy;
				PRODUCT_NAME = "$(TARGET_NAME)";
				SWIFT_EMIT_LOC_STRINGS = YES;
				SWIFT_VERSION = 5.0;
				TARGETED_DEVICE_FAMILY = "1,2";
			};
			name = Release;
		};
/* End XCBuildConfiguration section */

/* Begin XCConfigurationList section */
		1112DE9E2AFD65F80008166D /* Build configuration list for PBXProject "MetalStudy" */ = {
			isa = XCConfigurationList;
			buildConfigurations = (
				1112DEAF2AFD65F90008166D /* Debug */,
				1112DEB02AFD65F90008166D /* Release */,
			);
			defaultConfigurationIsVisible = 0;
			defaultConfigurationName = Release;
		};
		1112DEB12AFD65F90008166D /* Build configuration list for PBXNativeTarget "MetalStudy" */ = {
			isa = XCConfigurationList;
			buildConfigurations = (
				1112DEB22AFD65F90008166D /* Debug */,
				1112DEB32AFD65F90008166D /* Release */,
			);
			defaultConfigurationIsVisible = 0;
			defaultConfigurationName = Release;
		};
/* End XCConfigurationList section */
	};
	rootObject = 1112DE9B2AFD65F80008166D /* Project object */;
}
